
Microsoft Visual Studio Solution File, Format Version 12.00
# Visual Studio Version 17
VisualStudioVersion = 17.9.34728.123
MinimumVisualStudioVersion = 10.0.40219.1
Project("{FAE04EC0-301F-11D3-BF4B-00C04F79EFBC}") = "CyberShopPresentacionUsuarios", "AppProyectoEFSRTCyberShop\CyberShopPresentacionUsuarios.csproj", "{71F634BC-5439-4531-97F6-128D50553650}"
EndProject
Project("{FAE04EC0-301F-11D3-BF4B-00C04F79EFBC}") = "CyberShopPresentacionClientes", "AppProyectoEFSRTCapaPresentacion\CyberShopPresentacionClientes.csproj", "{A89E1EE5-45C7-4165-B638-B52D41A7F9F5}"
EndProject
Project("{FAE04EC0-301F-11D3-BF4B-00C04F79EFBC}") = "CyberShopDatos", "CapaDatos\CyberShopDatos.csproj", "{96EE7BCF-1946-43B5-BBBA-A294B5E2132C}"
EndProject
Project("{FAE04EC0-301F-11D3-BF4B-00C04F79EFBC}") = "CyberShopEntidades", "CapaEntidades\CyberShopEntidades.csproj", "{75B895F0-7EA4-4917-8EA4-811730FF15DC}"
EndProject
Project("{FAE04EC0-301F-11D3-BF4B-00C04F79EFBC}") = "CyberShopNegocio", "CapaNegocio\CyberShopNegocio.csproj", "{64DE09C8-3A5F-4747-ACB4-FE2DE108BCCF}"
EndProject
Global
	GlobalSection(SolutionConfigurationPlatforms) = preSolution
		Debug|Any CPU = Debug|Any CPU
		Release|Any CPU = Release|Any CPU
	EndGlobalSection
	GlobalSection(ProjectConfigurationPlatforms) = postSolution
		{71F634BC-5439-4531-97F6-128D50553650}.Debug|Any CPU.ActiveCfg = Debug|Any CPU
		{71F634BC-5439-4531-97F6-128D50553650}.Debug|Any CPU.Build.0 = Debug|Any CPU
		{71F634BC-5439-4531-97F6-128D50553650}.Release|Any CPU.ActiveCfg = Release|Any CPU
		{71F634BC-5439-4531-97F6-128D50553650}.Release|Any CPU.Build.0 = Release|Any CPU
		{A89E1EE5-45C7-4165-B638-B52D41A7F9F5}.Debug|Any CPU.ActiveCfg = Debug|Any CPU
		{A89E1EE5-45C7-4165-B638-B52D41A7F9F5}.Debug|Any CPU.Build.0 = Debug|Any CPU
		{A89E1EE5-45C7-4165-B638-B52D41A7F9F5}.Release|Any CPU.ActiveCfg = Release|Any CPU
		{A89E1EE5-45C7-4165-B638-B52D41A7F9F5}.Release|Any CPU.Build.0 = Release|Any CPU
		{96EE7BCF-1946-43B5-BBBA-A294B5E2132C}.Debug|Any CPU.ActiveCfg = Debug|Any CPU
		{96EE7BCF-1946-43B5-BBBA-A294B5E2132C}.Debug|Any CPU.Build.0 = Debug|Any CPU
		{96EE7BCF-1946-43B5-BBBA-A294B5E2132C}.Release|Any CPU.ActiveCfg = Release|Any CPU
		{96EE7BCF-1946-43B5-BBBA-A294B5E2132C}.Release|Any CPU.Build.0 = Release|Any CPU
		{75B895F0-7EA4-4917-8EA4-811730FF15DC}.Debug|Any CPU.ActiveCfg = Debug|Any CPU
		{75B895F0-7EA4-4917-8EA4-811730FF15DC}.Debug|Any CPU.Build.0 = Debug|Any CPU
		{75B895F0-7EA4-4917-8EA4-811730FF15DC}.Release|Any CPU.ActiveCfg = Release|Any CPU
		{75B895F0-7EA4-4917-8EA4-811730FF15DC}.Release|Any CPU.Build.0 = Release|Any CPU
		{64DE09C8-3A5F-4747-ACB4-FE2DE108BCCF}.Debug|Any CPU.ActiveCfg = Debug|Any CPU
		{64DE09C8-3A5F-4747-ACB4-FE2DE108BCCF}.Debug|Any CPU.Build.0 = Debug|Any CPU
		{64DE09C8-3A5F-4747-ACB4-FE2DE108BCCF}.Release|Any CPU.ActiveCfg = Release|Any CPU
		{64DE09C8-3A5F-4747-ACB4-FE2DE108BCCF}.Release|Any CPU.Build.0 = Release|Any CPU
	EndGlobalSection
	GlobalSection(SolutionProperties) = preSolution
		HideSolutionNode = FALSE
	EndGlobalSection
	GlobalSection(ExtensibilityGlobals) = postSolution
		SolutionGuid = {1F4247CD-AC01-4C52-821C-A54E2CFFB596}
	EndGlobalSection
EndGlobal
